// !$*UTF8*$!
{
	archiveVersion = 1;
	classes = {
	};
	objectVersion = 46;
	objects = {

/* Begin PBXBuildFile section */
		A0A90E301CA42EA30072822F /* AppDelegate.swift in Sources */ = {isa = PBXBuildFile; fileRef = A0A90E2F1CA42EA30072822F /* AppDelegate.swift */; };
		A0A90E321CA42EA30072822F /* ViewController.swift in Sources */ = {isa = PBXBuildFile; fileRef = A0A90E311CA42EA30072822F /* ViewController.swift */; };
		A0A90E351CA42EA30072822F /* Main.storyboard in Resources */ = {isa = PBXBuildFile; fileRef = A0A90E331CA42EA30072822F /* Main.storyboard */; };
		A0A90E381CA42EA30072822F /* MyFirstGitTest.xcdatamodeld in Sources */ = {isa = PBXBuildFile; fileRef = A0A90E361CA42EA30072822F /* MyFirstGitTest.xcdatamodeld */; };
		A0A90E3A1CA42EA30072822F /* Assets.xcassets in Resources */ = {isa = PBXBuildFile; fileRef = A0A90E391CA42EA30072822F /* Assets.xcassets */; };
		A0A90E3D1CA42EA30072822F /* LaunchScreen.storyboard in Resources */ = {isa = PBXBuildFile; fileRef = A0A90E3B1CA42EA30072822F /* LaunchScreen.storyboard */; };
/* End PBXBuildFile section */

/* Begin PBXFileReference section */
		A0A90E2C1CA42EA30072822F /* MyFirstGitTest.app */ = {isa = PBXFileReference; explicitFileType = wrapper.application; includeInIndex = 0; path = MyFirstGitTest.app; sourceTree = BUILT_PRODUCTS_DIR; };
		A0A90E2F1CA42EA30072822F /* AppDelegate.swift */ = {isa = PBXFileReference; lastKnownFileType = sourcecode.swift; path = AppDelegate.swift; sourceTree = "<group>"; };
		A0A90E311CA42EA30072822F /* ViewController.swift */ = {isa = PBXFileReference; lastKnownFileType = sourcecode.swift; path = ViewController.swift; sourceTree = "<group>"; };
		A0A90E341CA42EA30072822F /* Base */ = {isa = PBXFileReference; lastKnownFileType = file.storyboard; name = Base; path = Base.lproj/Main.storyboard; sourceTree = "<group>"; };
		A0A90E371CA42EA30072822F /* MyFirstGitTest.xcdatamodel */ = {isa = PBXFileReference; lastKnownFileType = wrapper.xcdatamodel; path = MyFirstGitTest.xcdatamodel; sourceTree = "<group>"; };
		A0A90E391CA42EA30072822F /* Assets.xcassets */ = {isa = PBXFileReference; lastKnownFileType = folder.assetcatalog; path = Assets.xcassets; sourceTree = "<group>"; };
		A0A90E3C1CA42EA30072822F /* Base */ = {isa = PBXFileReference; lastKnownFileType = file.storyboard; name = Base; path = Base.lproj/LaunchScreen.storyboard; sourceTree = "<group>"; };
		A0A90E3E1CA42EA30072822F /* Info.plist */ = {isa = PBXFileReference; lastKnownFileType = text.plist.xml; path = Info.plist; sourceTree = "<group>"; };
/* End PBXFileReference section */

/* Begin PBXFrameworksBuildPhase section */
		A0A90E291CA42EA30072822F /* Frameworks */ = {
			isa = PBXFrameworksBuildPhase;
			buildActionMask = 2147483647;
			files = (
			);
			runOnlyForDeploymentPostprocessing = 0;
		};
/* End PBXFrameworksBuildPhase section */

/* Begin PBXGroup section */
		A0A90E231CA42EA30072822F = {
			isa = PBXGroup;
			children = (
				A0A90E2E1CA42EA30072822F /* MyFirstGitTest */,
				A0A90E2D1CA42EA30072822F /* Products */,
			);
			sourceTree = "<group>";
		};
		A0A90E2D1CA42EA30072822F /* Products */ = {
			isa = PBXGroup;
			children = (
				A0A90E2C1CA42EA30072822F /* MyFirstGitTest.app */,
			);
			name = Products;
			sourceTree = "<group>";
		};
		A0A90E2E1CA42EA30072822F /* MyFirstGitTest */ = {
			isa = PBXGroup;
			children = (
				A0A90E2F1CA42EA30072822F /* AppDelegate.swift */,
				A0A90E311CA42EA30072822F /* ViewController.swift */,
				A0A90E331CA42EA30072822F /* Main.storyboard */,
				A0A90E391CA42EA30072822F /* Assets.xcassets */,
				A0A90E3B1CA42EA30072822F /* LaunchScreen.storyboard */,
				A0A90E3E1CA42EA30072822F /* Info.plist */,
				A0A90E361CA42EA30072822F /* MyFirstGitTest.xcdatamodeld */,
			);
			path = MyFirstGitTest;
			sourceTree = "<group>";
		};
/* End PBXGroup section */

/* Begin PBXNativeTarget section */
		A0A90E2B1CA42EA30072822F /* MyFirstGitTest */ = {
			isa = PBXNativeTarget;
			buildConfigurationList = A0A90E411CA42EA30072822F /* Build configuration list for PBXNativeTarget "MyFirstGitTest" */;
			buildPhases = (
				A0A90E281CA42EA30072822F /* Sources */,
				A0A90E291CA42EA30072822F /* Frameworks */,
				A0A90E2A1CA42EA30072822F /* Resources */,
			);
			buildRules = (
			);
			dependencies = (
			);
			name = MyFirstGitTest;
			productName = MyFirstGitTest;
			productReference = A0A90E2C1CA42EA30072822F /* MyFirstGitTest.app */;
			productType = "com.apple.product-type.application";
		};
/* End PBXNativeTarget section */

/* Begin PBXProject section */
		A0A90E241CA42EA30072822F /* Project object */ = {
			isa = PBXProject;
			attributes = {
				LastSwiftUpdateCheck = 0720;
				LastUpgradeCheck = 0720;
				ORGANIZATIONNAME = "Nikhil Pawar";
				TargetAttributes = {
					A0A90E2B1CA42EA30072822F = {
						CreatedOnToolsVersion = 7.2;
					};
				};
			};
			buildConfigurationList = A0A90E271CA42EA30072822F /* Build configuration list for PBXProject "MyFirstGitTest" */;
			compatibilityVersion = "Xcode 3.2";
			developmentRegion = English;
			hasScannedForEncodings = 0;
			knownRegions = (
				en,
				Base,
			);
			mainGroup = A0A90E231CA42EA30072822F;
			productRefGroup = A0A90E2D1CA42EA30072822F /* Products */;
			projectDirPath = "";
			projectRoot = "";
			targets = (
				A0A90E2B1CA42EA30072822F /* MyFirstGitTest */,
			);
		};
/* End PBXProject section */

/* Begin PBXResourcesBuildPhase section */
		A0A90E2A1CA42EA30072822F /* Resources */ = {
			isa = PBXResourcesBuildPhase;
			buildActionMask = 2147483647;
			files = (
				A0A90E3D1CA42EA30072822F /* LaunchScreen.storyboard in Resources */,
				A0A90E3A1CA42EA30072822F /* Assets.xcassets in Resources */,
				A0A90E351CA42EA30072822F /* Main.storyboard in Resources */,
			);
			runOnlyForDeploymentPostprocessing = 0;
		};
/* End PBXResourcesBuildPhase section */

/* Begin PBXSourcesBuildPhase section */
		A0A90E281CA42EA30072822F /* Sources */ = {
			isa = PBXSourcesBuildPhase;
			buildActionMask = 2147483647;
			files = (
				A0A90E321CA42EA30072822F /* ViewController.swift in Sources */,
				A0A90E381CA42EA30072822F /* MyFirstGitTest.xcdatamodeld in Sources */,
				A0A90E301CA42EA30072822F /* AppDelegate.swift in Sources */,
			);
			runOnlyForDeploymentPostprocessing = 0;
		};
/* End PBXSourcesBuildPhase section */

/* Begin PBXVariantGroup section */
		A0A90E331CA42EA30072822F /* Main.storyboard */ = {
			isa = PBXVariantGroup;
			children = (
				A0A90E341CA42EA30072822F /* Base */,
			);
			name = Main.storyboard;
			sourceTree = "<group>";
		};
		A0A90E3B1CA42EA30072822F /* LaunchScreen.storyboard */ = {
			isa = PBXVariantGroup;
			children = (
				A0A90E3C1CA42EA30072822F /* Base */,
			);
			name = LaunchScreen.storyboard;
			sourceTree = "<group>";
		};
/* End PBXVariantGroup section */

/* Begin XCBuildConfiguration section */
		A0A90E3F1CA42EA30072822F /* Debug */ = {
			isa = XCBuildConfiguration;
			buildSettings = {
				ALWAYS_SEARCH_USER_PATHS = NO;
				CLANG_CXX_LANGUAGE_STANDARD = "gnu++0x";
				CLANG_CXX_LIBRARY = "libc++";
				CLANG_ENABLE_MODULES = YES;
				CLANG_ENABLE_OBJC_ARC = YES;
				CLANG_WARN_BOOL_CONVERSION = YES;
				CLANG_WARN_CONSTANT_CONVERSION = YES;
				CLANG_WARN_DIRECT_OBJC_ISA_USAGE = YES_ERROR;
				CLANG_WARN_EMPTY_BODY = YES;
				CLANG_WARN_ENUM_CONVERSION = YES;
				CLANG_WARN_INT_CONVERSION = YES;
				CLANG_WARN_OBJC_ROOT_CLASS = YES_ERROR;
				CLANG_WARN_UNREACHABLE_CODE = YES;
				CLANG_WARN__DUPLICATE_METHOD_MATCH = YES;
				"CODE_SIGN_IDENTITY[sdk=iphoneos*]" = "iPhone Developer";
				COPY_PHASE_STRIP = NO;
				DEBUG_INFORMATION_FORMAT = dwarf;
				ENABLE_STRICT_OBJC_MSGSEND = YES;
				ENABLE_TESTABILITY = YES;
				GCC_C_LANGUAGE_STANDARD = gnu99;
				GCC_DYNAMIC_NO_PIC = NO;
				GCC_NO_COMMON_BLOCKS = YES;
				GCC_OPTIMIZATION_LEVEL = 0;
				GCC_PREPROCESSOR_DEFINITIONS = (
					"DEBUG=1",
					"$(inherited)",
				);
				GCC_WARN_64_TO_32_BIT_CONVERSION = YES;
				GCC_WARN_ABOUT_RETURN_TYPE = YES_ERROR;
				GCC_WARN_UNDECLARED_SELECTOR = YES;
				GCC_WARN_UNINITIALIZED_AUTOS = YES_AGGRESSIVE;
				GCC_WARN_UNUSED_FUNCTION = YES;
				GCC_WARN_UNUSED_VARIABLE = YES;
				IPHONEOS_DEPLOYMENT_TARGET = 9.2;
				MTL_ENABLE_DEBUG_INFO = YES;
				ONLY_ACTIVE_ARCH = YES;
				SDKROOT = iphoneos;
				SWIFT_OPTIMIZATION_LEVEL = "-Onone";
			};
			name = Debug;
		};
		A0A90E401CA42EA30072822F /* Release */ = {
			isa = XCBuildConfiguration;
			buildSettings = {
				ALWAYS_SEARCH_USER_PATHS = NO;
				CLANG_CXX_LANGUAGE_STANDARD = "gnu++0x";
				CLANG_CXX_LIBRARY = "libc++";
				CLANG_ENABLE_MODULES = YES;
				CLANG_ENABLE_OBJC_ARC = YES;
				CLANG_WARN_BOOL_CONVERSION = YES;
				CLANG_WARN_CONSTANT_CONVERSION = YES;
				CLANG_WARN_DIRECT_OBJC_ISA_USAGE = YES_ERROR;
				CLANG_WARN_EMPTY_BODY = YES;
				CLANG_WARN_ENUM_CONVERSION = YES;
				CLANG_WARN_INT_CONVERSION = YES;
				CLANG_WARN_OBJC_ROOT_CLASS = YES_ERROR;
				CLANG_WARN_UNREACHABLE_CODE = YES;
				CLANG_WARN__DUPLICATE_METHOD_MATCH = YES;
				"CODE_SIGN_IDENTITY[sdk=iphoneos*]" = "iPhone Developer";
				COPY_PHASE_STRIP = NO;
				DEBUG_INFORMATION_FORMAT = "dwarf-with-dsym";
				ENABLE_NS_ASSERTIONS = NO;
				ENABLE_STRICT_OBJC_MSGSEND = YES;
				GCC_C_LANGUAGE_STANDARD = gnu99;
				GCC_NO_COMMON_BLOCKS = YES;
				GCC_WARN_64_TO_32_BIT_CONVERSION = YES;
				GCC_WARN_ABOUT_RETURN_TYPE = YES_ERROR;
				GCC_WARN_UNDECLARED_SELECTOR = YES;
				GCC_WARN_UNINITIALIZED_AUTOS = YES_AGGRESSIVE;
				GCC_WARN_UNUSED_FUNCTION = YES;
				GCC_WARN_UNUSED_VARIABLE = YES;
				IPHONEOS_DEPLOYMENT_TARGET = 9.2;
				MTL_ENABLE_DEBUG_INFO = NO;
				SDKROOT = iphoneos;
				VALIDATE_PRODUCT = YES;
			};
			name = Release;
		};
		A0A90E421CA42EA30072822F /* Debug */ = {
			isa = XCBuildConfiguration;
			buildSettings = {
				ASSETCATALOG_COMPILER_APPICON_NAME = AppIcon;
				INFOPLIST_FILE = MyFirstGitTest/Info.plist;
				LD_RUNPATH_SEARCH_PATHS = "$(inherited) @executable_path/Frameworks";
				PRODUCT_BUNDLE_IDENTIFIER = com.globant.com.MyFirstGitTest;
				PRODUCT_NAME = "$(TARGET_NAME)";
			};
			name = Debug;
		};
		A0A90E431CA42EA30072822F /* Release */ = {
			isa = XCBuildConfiguration;
			buildSettings = {
				ASSETCATALOG_COMPILER_APPICON_NAME = AppIcon;
				INFOPLIST_FILE = MyFirstGitTest/Info.plist;
				LD_RUNPATH_SEARCH_PATHS = "$(inherited) @executable_path/Frameworks";
				PRODUCT_BUNDLE_IDENTIFIER = com.globant.com.MyFirstGitTest;
				PRODUCT_NAME = "$(TARGET_NAME)";
			};
			name = Release;
		};
/* End XCBuildConfiguration section */

/* Begin XCConfigurationList section */
		A0A90E271CA42EA30072822F /* Build configuration list for PBXProject "MyFirstGitTest" */ = {
			isa = XCConfigurationList;
			buildConfigurations = (
				A0A90E3F1CA42EA30072822F /* Debug */,
				A0A90E401CA42EA30072822F /* Release */,
			);
			defaultConfigurationIsVisible = 0;
			defaultConfigurationName = Release;
		};
		A0A90E411CA42EA30072822F /* Build configuration list for PBXNativeTarget "MyFirstGitTest" */ = {
			isa = XCConfigurationList;
			buildConfigurations = (
				A0A90E421CA42EA30072822F /* Debug */,
				A0A90E431CA42EA30072822F /* Release */,
			);
			defaultConfigurationIsVisible = 0;
		};
/* End XCConfigurationList section */

/* Begin XCVersionGroup section */
		A0A90E361CA42EA30072822F /* MyFirstGitTest.xcdatamodeld */ = {
			isa = XCVersionGroup;
			children = (
				A0A90E371CA42EA30072822F /* MyFirstGitTest.xcdatamodel */,
			);
			currentVersion = A0A90E371CA42EA30072822F /* MyFirstGitTest.xcdatamodel */;
			path = MyFirstGitTest.xcdatamodeld;
			sourceTree = "<group>";
			versionGroupType = wrapper.xcdatamodel;
		};
/* End XCVersionGroup section */
	};
	rootObject = A0A90E241CA42EA30072822F /* Project object */;
}
